// !$*UTF8*$!
{
	archiveVersion = 1;
	classes = {
	};
	objectVersion = 46;
	objects = {

/* Begin PBXBuildFile section */
		7D080FF716CD98E700D4FB8F /* UIKit.framework in Frameworks */ = {isa = PBXBuildFile; fileRef = 7D080FF616CD98E700D4FB8F /* UIKit.framework */; };
		7D080FF916CD98E700D4FB8F /* Foundation.framework in Frameworks */ = {isa = PBXBuildFile; fileRef = 7D080FF816CD98E700D4FB8F /* Foundation.framework */; };
		7D080FFB16CD98E700D4FB8F /* CoreGraphics.framework in Frameworks */ = {isa = PBXBuildFile; fileRef = 7D080FFA16CD98E700D4FB8F /* CoreGraphics.framework */; };
		7D08100116CD98E700D4FB8F /* InfoPlist.strings in Resources */ = {isa = PBXBuildFile; fileRef = 7D080FFF16CD98E700D4FB8F /* InfoPlist.strings */; };
		7D08100316CD98E800D4FB8F /* main.m in Sources */ = {isa = PBXBuildFile; fileRef = 7D08100216CD98E800D4FB8F /* main.m */; };
		7D08100716CD98E800D4FB8F /* AppDelegate.m in Sources */ = {isa = PBXBuildFile; fileRef = 7D08100616CD98E800D4FB8F /* AppDelegate.m */; };
		7D08100B16CD98E800D4FB8F /* Default@2x.png in Resources */ = {isa = PBXBuildFile; fileRef = 7D08100A16CD98E800D4FB8F /* Default@2x.png */; };
		7D08101016CD98E800D4FB8F /* MainStoryboard.storyboard in Resources */ = {isa = PBXBuildFile; fileRef = 7D08100E16CD98E800D4FB8F /* MainStoryboard.storyboard */; };
		7D2AD4DC16DFD9A3004CD1BE /* AVFoundation.framework in Frameworks */ = {isa = PBXBuildFile; fileRef = 7D2AD4DB16DFD9A3004CD1BE /* AVFoundation.framework */; };
		7D2AD4DE16DFE0D3004CD1BE /* MobileCoreServices.framework in Frameworks */ = {isa = PBXBuildFile; fileRef = 7D2AD4DD16DFE0D3004CD1BE /* MobileCoreServices.framework */; };
		7DA519BA16D6A7A2005B0AB1 /* appicon.png in Resources */ = {isa = PBXBuildFile; fileRef = 7DA519B416D6A7A2005B0AB1 /* appicon.png */; };
		7DA519BB16D6A7A2005B0AB1 /* appicon@2x.png in Resources */ = {isa = PBXBuildFile; fileRef = 7DA519B516D6A7A2005B0AB1 /* appicon@2x.png */; };
		7DA519BC16D6A7A2005B0AB1 /* appstore.png in Resources */ = {isa = PBXBuildFile; fileRef = 7DA519B616D6A7A2005B0AB1 /* appstore.png */; };
		7DA519BD16D6A7A2005B0AB1 /* appstore@2x.png in Resources */ = {isa = PBXBuildFile; fileRef = 7DA519B716D6A7A2005B0AB1 /* appstore@2x.png */; };
		7DA519BE16D6A7A2005B0AB1 /* launch.png in Resources */ = {isa = PBXBuildFile; fileRef = 7DA519B816D6A7A2005B0AB1 /* launch.png */; };
		7DA519BF16D6A7A2005B0AB1 /* launch@2x.png in Resources */ = {isa = PBXBuildFile; fileRef = 7DA519B916D6A7A2005B0AB1 /* launch@2x.png */; };
		7DA519DB16D6A862005B0AB1 /* navbar.png in Resources */ = {isa = PBXBuildFile; fileRef = 7DA519CA16D6A862005B0AB1 /* navbar.png */; };
		7DA519DE16D6A862005B0AB1 /* 61-brightness.png in Resources */ = {isa = PBXBuildFile; fileRef = 7DA519CD16D6A862005B0AB1 /* 61-brightness.png */; };
		7DA519DF16D6A862005B0AB1 /* 61-brightness@2x.png in Resources */ = {isa = PBXBuildFile; fileRef = 7DA519CE16D6A862005B0AB1 /* 61-brightness@2x.png */; };
		7DA519E016D6A862005B0AB1 /* 41-picture-frame.png in Resources */ = {isa = PBXBuildFile; fileRef = 7DA519CF16D6A862005B0AB1 /* 41-picture-frame.png */; };
		7DA519E116D6A862005B0AB1 /* 41-picture-frame@2x.png in Resources */ = {isa = PBXBuildFile; fileRef = 7DA519D016D6A862005B0AB1 /* 41-picture-frame@2x.png */; };
		7DA519E216D6A862005B0AB1 /* 53-house.png in Resources */ = {isa = PBXBuildFile; fileRef = 7DA519D116D6A862005B0AB1 /* 53-house.png */; };
		7DA519E316D6A862005B0AB1 /* 53-house@2x.png in Resources */ = {isa = PBXBuildFile; fileRef = 7DA519D216D6A862005B0AB1 /* 53-house@2x.png */; };
		7DA519E416D6A862005B0AB1 /* 20-gear2.png in Resources */ = {isa = PBXBuildFile; fileRef = 7DA519D316D6A862005B0AB1 /* 20-gear2.png */; };
		7DA519E516D6A862005B0AB1 /* 20-gear2@2x.png in Resources */ = {isa = PBXBuildFile; fileRef = 7DA519D416D6A862005B0AB1 /* 20-gear2@2x.png */; };
		7DA519E616D6A862005B0AB1 /* 161-calculator.png in Resources */ = {isa = PBXBuildFile; fileRef = 7DA519D516D6A862005B0AB1 /* 161-calculator.png */; };
		7DA519E716D6A862005B0AB1 /* 161-calculator@2x.png in Resources */ = {isa = PBXBuildFile; fileRef = 7DA519D616D6A862005B0AB1 /* 161-calculator@2x.png */; };
		7DA519E816D6A862005B0AB1 /* 171-sun.png in Resources */ = {isa = PBXBuildFile; fileRef = 7DA519D716D6A862005B0AB1 /* 171-sun.png */; };
		7DA519E916D6A862005B0AB1 /* 171-sun@2x.png in Resources */ = {isa = PBXBuildFile; fileRef = 7DA519D816D6A862005B0AB1 /* 171-sun@2x.png */; };
		7DA519EA16D6A862005B0AB1 /* 07-map-marker.png in Resources */ = {isa = PBXBuildFile; fileRef = 7DA519D916D6A862005B0AB1 /* 07-map-marker.png */; };
		7DA519EB16D6A862005B0AB1 /* 07-map-marker@2x.png in Resources */ = {isa = PBXBuildFile; fileRef = 7DA519DA16D6A862005B0AB1 /* 07-map-marker@2x.png */; };
		7DA519EE16D6AAA5005B0AB1 /* CalculatorViewController.m in Sources */ = {isa = PBXBuildFile; fileRef = 7DA519ED16D6AAA5005B0AB1 /* CalculatorViewController.m */; };
		7DA519F116D6AAB0005B0AB1 /* MirrorViewController.m in Sources */ = {isa = PBXBuildFile; fileRef = 7DA519F016D6AAB0005B0AB1 /* MirrorViewController.m */; };
		7DA519F416D6AAB9005B0AB1 /* FlashLightViewController.m in Sources */ = {isa = PBXBuildFile; fileRef = 7DA519F316D6AAB9005B0AB1 /* FlashLightViewController.m */; };
		7DA519F716D6AAC5005B0AB1 /* WeatherViewController.m in Sources */ = {isa = PBXBuildFile; fileRef = 7DA519F616D6AAC5005B0AB1 /* WeatherViewController.m */; };
		7DA519FA16D6AB1E005B0AB1 /* HomeViewController.m in Sources */ = {isa = PBXBuildFile; fileRef = 7DA519F916D6AB1E005B0AB1 /* HomeViewController.m */; };
		7DA51A0716D6AD0D005B0AB1 /* NavigationViewController.m in Sources */ = {isa = PBXBuildFile; fileRef = 7DA51A0616D6AD0D005B0AB1 /* NavigationViewController.m */; };
		7DA51A0916D6AE30005B0AB1 /* CoreLocation.framework in Frameworks */ = {isa = PBXBuildFile; fileRef = 7DA51A0816D6AE2F005B0AB1 /* CoreLocation.framework */; };
		7DE774CA16E6B565000B9607 /* YISplashScreen.m in Sources */ = {isa = PBXBuildFile; fileRef = 7DE774C716E6B565000B9607 /* YISplashScreen.m */; };
		7DE774CB16E6B565000B9607 /* YISplashScreenAnimation.m in Sources */ = {isa = PBXBuildFile; fileRef = 7DE774C916E6B565000B9607 /* YISplashScreenAnimation.m */; };
		7DE774D716E6B5A7000B9607 /* appstoreLargeIcon.png in Resources */ = {isa = PBXBuildFile; fileRef = 7DE774CC16E6B5A7000B9607 /* appstoreLargeIcon.png */; };
		7DE774D816E6B5A7000B9607 /* barbackgrounds.png in Resources */ = {isa = PBXBuildFile; fileRef = 7DE774CD16E6B5A7000B9607 /* barbackgrounds.png */; };
		7DE774D916E6B5A7000B9607 /* green_dust_scratch_@2X.png in Resources */ = {isa = PBXBuildFile; fileRef = 7DE774CE16E6B5A7000B9607 /* green_dust_scratch_@2X.png */; };
		7DE774DA16E6B5A7000B9607 /* green_dust_scratch.png in Resources */ = {isa = PBXBuildFile; fileRef = 7DE774CF16E6B5A7000B9607 /* green_dust_scratch.png */; };
		7DE774DB16E6B5A7000B9607 /* retinaIcon.png in Resources */ = {isa = PBXBuildFile; fileRef = 7DE774D016E6B5A7000B9607 /* retinaIcon.png */; };
		7DE774DE16E6B5A7000B9607 /* smallappstoreicon.png in Resources */ = {isa = PBXBuildFile; fileRef = 7DE774D316E6B5A7000B9607 /* smallappstoreicon.png */; };
		7DE774DF16E6B5A7000B9607 /* smallIcon.png in Resources */ = {isa = PBXBuildFile; fileRef = 7DE774D416E6B5A7000B9607 /* smallIcon.png */; };
		7DE774E316E6B5D4000B9607 /* Default.png in Resources */ = {isa = PBXBuildFile; fileRef = 7DE774E216E6B5D4000B9607 /* Default.png */; };
		7DE774E516E6B5E3000B9607 /* Default-568h@2x.png in Resources */ = {isa = PBXBuildFile; fileRef = 7DE774E416E6B5E3000B9607 /* Default-568h@2x.png */; };
		7DE774E716E6B5F5000B9607 /* Default@2x.png in Resources */ = {isa = PBXBuildFile; fileRef = 7DE774E616E6B5F5000B9607 /* Default@2x.png */; };
		7DE774E916E6B74B000B9607 /* QuartzCore.framework in Frameworks */ = {isa = PBXBuildFile; fileRef = 7DE774E816E6B74B000B9607 /* QuartzCore.framework */; };
		7DE774ED16E6D624000B9607 /* MapKit.framework in Frameworks */ = {isa = PBXBuildFile; fileRef = 7DE774EC16E6D624000B9607 /* MapKit.framework */; };
		7DE774FA16E6D8AA000B9607 /* LocationGetter.m in Sources */ = {isa = PBXBuildFile; fileRef = 7DE774F916E6D8AA000B9607 /* LocationGetter.m */; };
		7DE774FC16E6DCD4000B9607 /* redlogo.png in Resources */ = {isa = PBXBuildFile; fileRef = 7DE774FB16E6DCD4000B9607 /* redlogo.png */; };
		7DFC47BE16E7D5C9000E40E2 /* ICB_WeatherConditions.m in Sources */ = {isa = PBXBuildFile; fileRef = 7DFC47BD16E7D5C9000E40E2 /* ICB_WeatherConditions.m */; };
		7DFC481E16E7E0E2000E40E2 /* RXMLElement.m in Sources */ = {isa = PBXBuildFile; fileRef = 7DFC481D16E7E0E2000E40E2 /* RXMLElement.m */; };
		7DFC482016E7E100000E40E2 /* libz.dylib in Frameworks */ = {isa = PBXBuildFile; fileRef = 7DFC481F16E7E100000E40E2 /* libz.dylib */; };
		7DFC482216E7E188000E40E2 /* libxml2.dylib in Frameworks */ = {isa = PBXBuildFile; fileRef = 7DFC482116E7E188000E40E2 /* libxml2.dylib */; };
/* End PBXBuildFile section */

/* Begin PBXFileReference section */
		7D080FF316CD98E700D4FB8F /* Simplr.app */ = {isa = PBXFileReference; explicitFileType = wrapper.application; includeInIndex = 0; path = Simplr.app; sourceTree = BUILT_PRODUCTS_DIR; };
		7D080FF616CD98E700D4FB8F /* UIKit.framework */ = {isa = PBXFileReference; lastKnownFileType = wrapper.framework; name = UIKit.framework; path = System/Library/Frameworks/UIKit.framework; sourceTree = SDKROOT; };
		7D080FF816CD98E700D4FB8F /* Foundation.framework */ = {isa = PBXFileReference; lastKnownFileType = wrapper.framework; name = Foundation.framework; path = System/Library/Frameworks/Foundation.framework; sourceTree = SDKROOT; };
		7D080FFA16CD98E700D4FB8F /* CoreGraphics.framework */ = {isa = PBXFileReference; lastKnownFileType = wrapper.framework; name = CoreGraphics.framework; path = System/Library/Frameworks/CoreGraphics.framework; sourceTree = SDKROOT; };
		7D080FFE16CD98E700D4FB8F /* Simplr-Info.plist */ = {isa = PBXFileReference; lastKnownFileType = text.plist.xml; path = "Simplr-Info.plist"; sourceTree = "<group>"; };
		7D08100016CD98E700D4FB8F /* en */ = {isa = PBXFileReference; lastKnownFileType = text.plist.strings; name = en; path = en.lproj/InfoPlist.strings; sourceTree = "<group>"; };
		7D08100216CD98E800D4FB8F /* main.m */ = {isa = PBXFileReference; lastKnownFileType = sourcecode.c.objc; path = main.m; sourceTree = "<group>"; };
		7D08100416CD98E800D4FB8F /* Simplr-Prefix.pch */ = {isa = PBXFileReference; lastKnownFileType = sourcecode.c.h; path = "Simplr-Prefix.pch"; sourceTree = "<group>"; };
		7D08100516CD98E800D4FB8F /* AppDelegate.h */ = {isa = PBXFileReference; lastKnownFileType = sourcecode.c.h; path = AppDelegate.h; sourceTree = "<group>"; };
		7D08100616CD98E800D4FB8F /* AppDelegate.m */ = {isa = PBXFileReference; lastKnownFileType = sourcecode.c.objc; path = AppDelegate.m; sourceTree = "<group>"; };
		7D08100816CD98E800D4FB8F /* Default.png */ = {isa = PBXFileReference; lastKnownFileType = image.png; path = Default.png; sourceTree = "<group>"; };
		7D08100A16CD98E800D4FB8F /* Default@2x.png */ = {isa = PBXFileReference; lastKnownFileType = image.png; path = "Default@2x.png"; sourceTree = "<group>"; };
		7D08100C16CD98E800D4FB8F /* Default-568h@2x.png */ = {isa = PBXFileReference; lastKnownFileType = image.png; path = "Default-568h@2x.png"; sourceTree = "<group>"; };
		7D08100F16CD98E800D4FB8F /* en */ = {isa = PBXFileReference; lastKnownFileType = file.storyboard; name = en; path = en.lproj/MainStoryboard.storyboard; sourceTree = "<group>"; };
		7D2AD4DB16DFD9A3004CD1BE /* AVFoundation.framework */ = {isa = PBXFileReference; lastKnownFileType = wrapper.framework; name = AVFoundation.framework; path = System/Library/Frameworks/AVFoundation.framework; sourceTree = SDKROOT; };
		7D2AD4DD16DFE0D3004CD1BE /* MobileCoreServices.framework */ = {isa = PBXFileReference; lastKnownFileType = wrapper.framework; name = MobileCoreServices.framework; path = System/Library/Frameworks/MobileCoreServices.framework; sourceTree = SDKROOT; };
		7DA519B416D6A7A2005B0AB1 /* appicon.png */ = {isa = PBXFileReference; lastKnownFileType = image.png; path = appicon.png; sourceTree = "<group>"; };
		7DA519B516D6A7A2005B0AB1 /* appicon@2x.png */ = {isa = PBXFileReference; lastKnownFileType = image.png; path = "appicon@2x.png"; sourceTree = "<group>"; };
		7DA519B616D6A7A2005B0AB1 /* appstore.png */ = {isa = PBXFileReference; lastKnownFileType = image.png; path = appstore.png; sourceTree = "<group>"; };
		7DA519B716D6A7A2005B0AB1 /* appstore@2x.png */ = {isa = PBXFileReference; lastKnownFileType = image.png; path = "appstore@2x.png"; sourceTree = "<group>"; };
		7DA519B816D6A7A2005B0AB1 /* launch.png */ = {isa = PBXFileReference; lastKnownFileType = image.png; path = launch.png; sourceTree = "<group>"; };
		7DA519B916D6A7A2005B0AB1 /* launch@2x.png */ = {isa = PBXFileReference; lastKnownFileType = image.png; path = "launch@2x.png"; sourceTree = "<group>"; };
		7DA519CA16D6A862005B0AB1 /* navbar.png */ = {isa = PBXFileReference; lastKnownFileType = image.png; name = navbar.png; path = ../../../Downloads/finalimages/navbar.png; sourceTree = "<group>"; };
		7DA519CD16D6A862005B0AB1 /* 61-brightness.png */ = {isa = PBXFileReference; lastKnownFileType = image.png; name = "61-brightness.png"; path = "../../../Downloads/finalimages/61-brightness.png"; sourceTree = "<group>"; };
		7DA519CE16D6A862005B0AB1 /* 61-brightness@2x.png */ = {isa = PBXFileReference; lastKnownFileType = image.png; name = "61-brightness@2x.png"; path = "../../../Downloads/finalimages/61-brightness@2x.png"; sourceTree = "<group>"; };
		7DA519CF16D6A862005B0AB1 /* 41-picture-frame.png */ = {isa = PBXFileReference; lastKnownFileType = image.png; name = "41-picture-frame.png"; path = "../../../Downloads/finalimages/41-picture-frame.png"; sourceTree = "<group>"; };
		7DA519D016D6A862005B0AB1 /* 41-picture-frame@2x.png */ = {isa = PBXFileReference; lastKnownFileType = image.png; name = "41-picture-frame@2x.png"; path = "../../../Downloads/finalimages/41-picture-frame@2x.png"; sourceTree = "<group>"; };
		7DA519D116D6A862005B0AB1 /* 53-house.png */ = {isa = PBXFileReference; lastKnownFileType = image.png; name = "53-house.png"; path = "../../../Downloads/finalimages/53-house.png"; sourceTree = "<group>"; };
		7DA519D216D6A862005B0AB1 /* 53-house@2x.png */ = {isa = PBXFileReference; lastKnownFileType = image.png; name = "53-house@2x.png"; path = "../../../Downloads/finalimages/53-house@2x.png"; sourceTree = "<group>"; };
		7DA519D316D6A862005B0AB1 /* 20-gear2.png */ = {isa = PBXFileReference; lastKnownFileType = image.png; name = "20-gear2.png"; path = "../../../Downloads/finalimages/20-gear2.png"; sourceTree = "<group>"; };
		7DA519D416D6A862005B0AB1 /* 20-gear2@2x.png */ = {isa = PBXFileReference; lastKnownFileType = image.png; name = "20-gear2@2x.png"; path = "../../../Downloads/finalimages/20-gear2@2x.png"; sourceTree = "<group>"; };
		7DA519D516D6A862005B0AB1 /* 161-calculator.png */ = {isa = PBXFileReference; lastKnownFileType = image.png; name = "161-calculator.png"; path = "../../../Downloads/finalimages/161-calculator.png"; sourceTree = "<group>"; };
		7DA519D616D6A862005B0AB1 /* 161-calculator@2x.png */ = {isa = PBXFileReference; lastKnownFileType = image.png; name = "161-calculator@2x.png"; path = "../../../Downloads/finalimages/161-calculator@2x.png"; sourceTree = "<group>"; };
		7DA519D716D6A862005B0AB1 /* 171-sun.png */ = {isa = PBXFileReference; lastKnownFileType = image.png; name = "171-sun.png"; path = "../../../Downloads/finalimages/171-sun.png"; sourceTree = "<group>"; };
		7DA519D816D6A862005B0AB1 /* 171-sun@2x.png */ = {isa = PBXFileReference; lastKnownFileType = image.png; name = "171-sun@2x.png"; path = "../../../Downloads/finalimages/171-sun@2x.png"; sourceTree = "<group>"; };
		7DA519D916D6A862005B0AB1 /* 07-map-marker.png */ = {isa = PBXFileReference; lastKnownFileType = image.png; name = "07-map-marker.png"; path = "../../../Downloads/finalimages/07-map-marker.png"; sourceTree = "<group>"; };
		7DA519DA16D6A862005B0AB1 /* 07-map-marker@2x.png */ = {isa = PBXFileReference; lastKnownFileType = image.png; name = "07-map-marker@2x.png"; path = "../../../Downloads/finalimages/07-map-marker@2x.png"; sourceTree = "<group>"; };
		7DA519EC16D6AAA5005B0AB1 /* CalculatorViewController.h */ = {isa = PBXFileReference; fileEncoding = 4; lastKnownFileType = sourcecode.c.h; path = CalculatorViewController.h; sourceTree = "<group>"; };
		7DA519ED16D6AAA5005B0AB1 /* CalculatorViewController.m */ = {isa = PBXFileReference; fileEncoding = 4; lastKnownFileType = sourcecode.c.objc; path = CalculatorViewController.m; sourceTree = "<group>"; };
		7DA519EF16D6AAB0005B0AB1 /* MirrorViewController.h */ = {isa = PBXFileReference; fileEncoding = 4; lastKnownFileType = sourcecode.c.h; path = MirrorViewController.h; sourceTree = "<group>"; };
		7DA519F016D6AAB0005B0AB1 /* MirrorViewController.m */ = {isa = PBXFileReference; fileEncoding = 4; lastKnownFileType = sourcecode.c.objc; path = MirrorViewController.m; sourceTree = "<group>"; };
		7DA519F216D6AAB9005B0AB1 /* FlashLightViewController.h */ = {isa = PBXFileReference; fileEncoding = 4; lastKnownFileType = sourcecode.c.h; path = FlashLightViewController.h; sourceTree = "<group>"; };
		7DA519F316D6AAB9005B0AB1 /* FlashLightViewController.m */ = {isa = PBXFileReference; fileEncoding = 4; lastKnownFileType = sourcecode.c.objc; path = FlashLightViewController.m; sourceTree = "<group>"; };
		7DA519F516D6AAC5005B0AB1 /* WeatherViewController.h */ = {isa = PBXFileReference; fileEncoding = 4; lastKnownFileType = sourcecode.c.h; path = WeatherViewController.h; sourceTree = "<group>"; };
		7DA519F616D6AAC5005B0AB1 /* WeatherViewController.m */ = {isa = PBXFileReference; fileEncoding = 4; lastKnownFileType = sourcecode.c.objc; path = WeatherViewController.m; sourceTree = "<group>"; };
		7DA519F816D6AB1D005B0AB1 /* HomeViewController.h */ = {isa = PBXFileReference; fileEncoding = 4; lastKnownFileType = sourcecode.c.h; name = HomeViewController.h; path = ../HomeViewController.h; sourceTree = "<group>"; };
		7DA519F916D6AB1E005B0AB1 /* HomeViewController.m */ = {isa = PBXFileReference; fileEncoding = 4; lastKnownFileType = sourcecode.c.objc; name = HomeViewController.m; path = ../HomeViewController.m; sourceTree = "<group>"; };
		7DA51A0516D6AD0D005B0AB1 /* NavigationViewController.h */ = {isa = PBXFileReference; fileEncoding = 4; lastKnownFileType = sourcecode.c.h; path = NavigationViewController.h; sourceTree = "<group>"; };
		7DA51A0616D6AD0D005B0AB1 /* NavigationViewController.m */ = {isa = PBXFileReference; fileEncoding = 4; lastKnownFileType = sourcecode.c.objc; path = NavigationViewController.m; sourceTree = "<group>"; };
		7DA51A0816D6AE2F005B0AB1 /* CoreLocation.framework */ = {isa = PBXFileReference; lastKnownFileType = wrapper.framework; name = CoreLocation.framework; path = System/Library/Frameworks/CoreLocation.framework; sourceTree = SDKROOT; };
		7DE774C616E6B565000B9607 /* YISplashScreen.h */ = {isa = PBXFileReference; fileEncoding = 4; lastKnownFileType = sourcecode.c.h; name = YISplashScreen.h; path = ../YISplashScreen.h; sourceTree = "<group>"; };
		7DE774C716E6B565000B9607 /* YISplashScreen.m */ = {isa = PBXFileReference; fileEncoding = 4; lastKnownFileType = sourcecode.c.objc; name = YISplashScreen.m; path = ../YISplashScreen.m; sourceTree = "<group>"; };
		7DE774C816E6B565000B9607 /* YISplashScreenAnimation.h */ = {isa = PBXFileReference; fileEncoding = 4; lastKnownFileType = sourcecode.c.h; name = YISplashScreenAnimation.h; path = ../YISplashScreenAnimation.h; sourceTree = "<group>"; };
		7DE774C916E6B565000B9607 /* YISplashScreenAnimation.m */ = {isa = PBXFileReference; fileEncoding = 4; lastKnownFileType = sourcecode.c.objc; name = YISplashScreenAnimation.m; path = ../YISplashScreenAnimation.m; sourceTree = "<group>"; };
		7DE774CC16E6B5A7000B9607 /* appstoreLargeIcon.png */ = {isa = PBXFileReference; lastKnownFileType = image.png; path = appstoreLargeIcon.png; sourceTree = "<group>"; };
		7DE774CD16E6B5A7000B9607 /* barbackgrounds.png */ = {isa = PBXFileReference; lastKnownFileType = image.png; path = barbackgrounds.png; sourceTree = "<group>"; };
		7DE774CE16E6B5A7000B9607 /* green_dust_scratch_@2X.png */ = {isa = PBXFileReference; lastKnownFileType = image.png; path = "green_dust_scratch_@2X.png"; sourceTree = "<group>"; };
		7DE774CF16E6B5A7000B9607 /* green_dust_scratch.png */ = {isa = PBXFileReference; lastKnownFileType = image.png; path = green_dust_scratch.png; sourceTree = "<group>"; };
		7DE774D016E6B5A7000B9607 /* retinaIcon.png */ = {isa = PBXFileReference; lastKnownFileType = image.png; path = retinaIcon.png; sourceTree = "<group>"; };
		7DE774D316E6B5A7000B9607 /* smallappstoreicon.png */ = {isa = PBXFileReference; lastKnownFileType = image.png; path = smallappstoreicon.png; sourceTree = "<group>"; };
		7DE774D416E6B5A7000B9607 /* smallIcon.png */ = {isa = PBXFileReference; lastKnownFileType = image.png; path = smallIcon.png; sourceTree = "<group>"; };
		7DE774E216E6B5D4000B9607 /* Default.png */ = {isa = PBXFileReference; lastKnownFileType = image.png; path = Default.png; sourceTree = "<group>"; };
		7DE774E416E6B5E3000B9607 /* Default-568h@2x.png */ = {isa = PBXFileReference; lastKnownFileType = image.png; path = "Default-568h@2x.png"; sourceTree = "<group>"; };
		7DE774E616E6B5F5000B9607 /* Default@2x.png */ = {isa = PBXFileReference; lastKnownFileType = image.png; path = "Default@2x.png"; sourceTree = "<group>"; };
		7DE774E816E6B74B000B9607 /* QuartzCore.framework */ = {isa = PBXFileReference; lastKnownFileType = wrapper.framework; name = QuartzCore.framework; path = System/Library/Frameworks/QuartzCore.framework; sourceTree = SDKROOT; };
		7DE774EC16E6D624000B9607 /* MapKit.framework */ = {isa = PBXFileReference; lastKnownFileType = wrapper.framework; name = MapKit.framework; path = System/Library/Frameworks/MapKit.framework; sourceTree = SDKROOT; };
		7DE774F816E6D81D000B9607 /* LocationGetter.h */ = {isa = PBXFileReference; lastKnownFileType = sourcecode.c.h; path = LocationGetter.h; sourceTree = "<group>"; };
		7DE774F916E6D8AA000B9607 /* LocationGetter.m */ = {isa = PBXFileReference; fileEncoding = 4; lastKnownFileType = sourcecode.c.objc; path = LocationGetter.m; sourceTree = "<group>"; };
		7DE774FB16E6DCD4000B9607 /* redlogo.png */ = {isa = PBXFileReference; lastKnownFileType = image.png; path = redlogo.png; sourceTree = "<group>"; };
		7DFC47BC16E7D5C9000E40E2 /* ICB_WeatherConditions.h */ = {isa = PBXFileReference; fileEncoding = 4; lastKnownFileType = sourcecode.c.h; path = ICB_WeatherConditions.h; sourceTree = "<group>"; };
		7DFC47BD16E7D5C9000E40E2 /* ICB_WeatherConditions.m */ = {isa = PBXFileReference; fileEncoding = 4; lastKnownFileType = sourcecode.c.objc; path = ICB_WeatherConditions.m; sourceTree = "<group>"; };
		7DFC481C16E7E0E2000E40E2 /* RXMLElement.h */ = {isa = PBXFileReference; fileEncoding = 4; lastKnownFileType = sourcecode.c.h; path = RXMLElement.h; sourceTree = "<group>"; };
		7DFC481D16E7E0E2000E40E2 /* RXMLElement.m */ = {isa = PBXFileReference; fileEncoding = 4; lastKnownFileType = sourcecode.c.objc; path = RXMLElement.m; sourceTree = "<group>"; };
		7DFC481F16E7E100000E40E2 /* libz.dylib */ = {isa = PBXFileReference; lastKnownFileType = "compiled.mach-o.dylib"; name = libz.dylib; path = usr/lib/libz.dylib; sourceTree = SDKROOT; };
		7DFC482116E7E188000E40E2 /* libxml2.dylib */ = {isa = PBXFileReference; lastKnownFileType = "compiled.mach-o.dylib"; name = libxml2.dylib; path = usr/lib/libxml2.dylib; sourceTree = SDKROOT; };
/* End PBXFileReference section */

/* Begin PBXFrameworksBuildPhase section */
		7D080FF016CD98E700D4FB8F /* Frameworks */ = {
			isa = PBXFrameworksBuildPhase;
			buildActionMask = 2147483647;
			files = (
				7DFC482216E7E188000E40E2 /* libxml2.dylib in Frameworks */,
				7DFC482016E7E100000E40E2 /* libz.dylib in Frameworks */,
				7DE774ED16E6D624000B9607 /* MapKit.framework in Frameworks */,
				7DE774E916E6B74B000B9607 /* QuartzCore.framework in Frameworks */,
				7D080FF916CD98E700D4FB8F /* Foundation.framework in Frameworks */,
				7D2AD4DE16DFE0D3004CD1BE /* MobileCoreServices.framework in Frameworks */,
				7D2AD4DC16DFD9A3004CD1BE /* AVFoundation.framework in Frameworks */,
				7DA51A0916D6AE30005B0AB1 /* CoreLocation.framework in Frameworks */,
				7D080FF716CD98E700D4FB8F /* UIKit.framework in Frameworks */,
				7D080FFB16CD98E700D4FB8F /* CoreGraphics.framework in Frameworks */,
			);
			runOnlyForDeploymentPostprocessing = 0;
		};
/* End PBXFrameworksBuildPhase section */

/* Begin PBXGroup section */
		7D080FEA16CD98E700D4FB8F = {
			isa = PBXGroup;
			children = (
				7DFC482116E7E188000E40E2 /* libxml2.dylib */,
				7DFC481F16E7E100000E40E2 /* libz.dylib */,
				7DE774EC16E6D624000B9607 /* MapKit.framework */,
				7DE774E816E6B74B000B9607 /* QuartzCore.framework */,
				7D2AD4DD16DFE0D3004CD1BE /* MobileCoreServices.framework */,
				7D2AD4DB16DFD9A3004CD1BE /* AVFoundation.framework */,
				7DA51A0816D6AE2F005B0AB1 /* CoreLocation.framework */,
				7DFC47EA16E7DE80000E40E2 /* Images */,
				7DFC481B16E7E0E2000E40E2 /* RaptureXML */,
				7D080FFC16CD98E700D4FB8F /* Simplr */,
				7D080FF516CD98E700D4FB8F /* Frameworks */,
				7D080FF416CD98E700D4FB8F /* Products */,
			);
			sourceTree = "<group>";
		};
		7D080FF416CD98E700D4FB8F /* Products */ = {
			isa = PBXGroup;
			children = (
				7D080FF316CD98E700D4FB8F /* Simplr.app */,
			);
			name = Products;
			sourceTree = "<group>";
		};
		7D080FF516CD98E700D4FB8F /* Frameworks */ = {
			isa = PBXGroup;
			children = (
				7D080FF616CD98E700D4FB8F /* UIKit.framework */,
				7D080FF816CD98E700D4FB8F /* Foundation.framework */,
				7D080FFA16CD98E700D4FB8F /* CoreGraphics.framework */,
			);
			name = Frameworks;
			sourceTree = "<group>";
		};
		7D080FFC16CD98E700D4FB8F /* Simplr */ = {
			isa = PBXGroup;
			children = (
				7D08100516CD98E800D4FB8F /* AppDelegate.h */,
				7D08100616CD98E800D4FB8F /* AppDelegate.m */,
				7DE774C616E6B565000B9607 /* YISplashScreen.h */,
				7DE774C716E6B565000B9607 /* YISplashScreen.m */,
				7DE774C816E6B565000B9607 /* YISplashScreenAnimation.h */,
				7DE774C916E6B565000B9607 /* YISplashScreenAnimation.m */,
				7D08100E16CD98E800D4FB8F /* MainStoryboard.storyboard */,
				7DA51A0516D6AD0D005B0AB1 /* NavigationViewController.h */,
				7DA51A0616D6AD0D005B0AB1 /* NavigationViewController.m */,
				7DA519F816D6AB1D005B0AB1 /* HomeViewController.h */,
				7DA519F916D6AB1E005B0AB1 /* HomeViewController.m */,
				7DA519EC16D6AAA5005B0AB1 /* CalculatorViewController.h */,
				7DA519ED16D6AAA5005B0AB1 /* CalculatorViewController.m */,
				7DA519EF16D6AAB0005B0AB1 /* MirrorViewController.h */,
				7DA519F016D6AAB0005B0AB1 /* MirrorViewController.m */,
				7DA519F216D6AAB9005B0AB1 /* FlashLightViewController.h */,
				7DA519F316D6AAB9005B0AB1 /* FlashLightViewController.m */,
				7DA519F516D6AAC5005B0AB1 /* WeatherViewController.h */,
				7DA519F616D6AAC5005B0AB1 /* WeatherViewController.m */,
				7DE774F816E6D81D000B9607 /* LocationGetter.h */,
				7DE774F916E6D8AA000B9607 /* LocationGetter.m */,
				7DFC47BC16E7D5C9000E40E2 /* ICB_WeatherConditions.h */,
				7DFC47BD16E7D5C9000E40E2 /* ICB_WeatherConditions.m */,
				7D080FFD16CD98E700D4FB8F /* Supporting Files */,
			);
			path = Simplr;
			sourceTree = "<group>";
		};
		7D080FFD16CD98E700D4FB8F /* Supporting Files */ = {
			isa = PBXGroup;
			children = (
				7DA519CA16D6A862005B0AB1 /* navbar.png */,
				7DA519D116D6A862005B0AB1 /* 53-house.png */,
				7DA519CD16D6A862005B0AB1 /* 61-brightness.png */,
				7DA519CE16D6A862005B0AB1 /* 61-brightness@2x.png */,
				7DA519CF16D6A862005B0AB1 /* 41-picture-frame.png */,
				7DA519D016D6A862005B0AB1 /* 41-picture-frame@2x.png */,
				7DA519D216D6A862005B0AB1 /* 53-house@2x.png */,
				7DA519D316D6A862005B0AB1 /* 20-gear2.png */,
				7DA519D416D6A862005B0AB1 /* 20-gear2@2x.png */,
				7DA519D516D6A862005B0AB1 /* 161-calculator.png */,
				7DA519D616D6A862005B0AB1 /* 161-calculator@2x.png */,
				7DA519D716D6A862005B0AB1 /* 171-sun.png */,
				7DA519D816D6A862005B0AB1 /* 171-sun@2x.png */,
				7DA519D916D6A862005B0AB1 /* 07-map-marker.png */,
				7DA519DA16D6A862005B0AB1 /* 07-map-marker@2x.png */,
				7DA519B316D6A7A2005B0AB1 /* app */,
				7D080FFE16CD98E700D4FB8F /* Simplr-Info.plist */,
				7D080FFF16CD98E700D4FB8F /* InfoPlist.strings */,
				7D08100216CD98E800D4FB8F /* main.m */,
				7D08100416CD98E800D4FB8F /* Simplr-Prefix.pch */,
				7D08100816CD98E800D4FB8F /* Default.png */,
				7D08100A16CD98E800D4FB8F /* Default@2x.png */,
				7D08100C16CD98E800D4FB8F /* Default-568h@2x.png */,
			);
			name = "Supporting Files";
			sourceTree = "<group>";
		};
		7DA519B316D6A7A2005B0AB1 /* app */ = {
			isa = PBXGroup;
			children = (
				7DA519B416D6A7A2005B0AB1 /* appicon.png */,
				7DA519B516D6A7A2005B0AB1 /* appicon@2x.png */,
				7DA519B616D6A7A2005B0AB1 /* appstore.png */,
				7DA519B716D6A7A2005B0AB1 /* appstore@2x.png */,
				7DA519B816D6A7A2005B0AB1 /* launch.png */,
				7DA519B916D6A7A2005B0AB1 /* launch@2x.png */,
			);
			path = app;
			sourceTree = "<group>";
		};
		7DFC47EA16E7DE80000E40E2 /* Images */ = {
			isa = PBXGroup;
			children = (
				7DE774E416E6B5E3000B9607 /* Default-568h@2x.png */,
				7DE774E616E6B5F5000B9607 /* Default@2x.png */,
				7DE774E216E6B5D4000B9607 /* Default.png */,
				7DE774CC16E6B5A7000B9607 /* appstoreLargeIcon.png */,
				7DE774CD16E6B5A7000B9607 /* barbackgrounds.png */,
				7DE774CE16E6B5A7000B9607 /* green_dust_scratch_@2X.png */,
				7DE774CF16E6B5A7000B9607 /* green_dust_scratch.png */,
				7DE774D016E6B5A7000B9607 /* retinaIcon.png */,
				7DE774D316E6B5A7000B9607 /* smallappstoreicon.png */,
				7DE774D416E6B5A7000B9607 /* smallIcon.png */,
				7DE774FB16E6DCD4000B9607 /* redlogo.png */,
			);
			name = Images;
			sourceTree = "<group>";
		};
		7DFC481B16E7E0E2000E40E2 /* RaptureXML */ = {
			isa = PBXGroup;
			children = (
				7DFC481C16E7E0E2000E40E2 /* RXMLElement.h */,
				7DFC481D16E7E0E2000E40E2 /* RXMLElement.m */,
			);
			path = RaptureXML;
			sourceTree = "<group>";
		};
/* End PBXGroup section */

/* Begin PBXNativeTarget section */
		7D080FF216CD98E700D4FB8F /* Simplr */ = {
			isa = PBXNativeTarget;
			buildConfigurationList = 7D08101616CD98E800D4FB8F /* Build configuration list for PBXNativeTarget "Simplr" */;
			buildPhases = (
				7D080FEF16CD98E700D4FB8F /* Sources */,
				7D080FF016CD98E700D4FB8F /* Frameworks */,
				7D080FF116CD98E700D4FB8F /* Resources */,
			);
			buildRules = (
			);
			dependencies = (
			);
			name = Simplr;
			productName = Simplr;
			productReference = 7D080FF316CD98E700D4FB8F /* Simplr.app */;
			productType = "com.apple.product-type.application";
		};
/* End PBXNativeTarget section */

/* Begin PBXProject section */
		7D080FEB16CD98E700D4FB8F /* Project object */ = {
			isa = PBXProject;
			attributes = {
				LastUpgradeCheck = 0460;
				ORGANIZATIONNAME = "District 7";
			};
			buildConfigurationList = 7D080FEE16CD98E700D4FB8F /* Build configuration list for PBXProject "Simplr" */;
			compatibilityVersion = "Xcode 3.2";
			developmentRegion = English;
			hasScannedForEncodings = 0;
			knownRegions = (
				en,
			);
			mainGroup = 7D080FEA16CD98E700D4FB8F;
			productRefGroup = 7D080FF416CD98E700D4FB8F /* Products */;
			projectDirPath = "";
			projectRoot = "";
			targets = (
				7D080FF216CD98E700D4FB8F /* Simplr */,
			);
		};
/* End PBXProject section */

/* Begin PBXResourcesBuildPhase section */
		7D080FF116CD98E700D4FB8F /* Resources */ = {
			isa = PBXResourcesBuildPhase;
			buildActionMask = 2147483647;
			files = (
				7D08100116CD98E700D4FB8F /* InfoPlist.strings in Resources */,
				7D08100B16CD98E800D4FB8F /* Default@2x.png in Resources */,
				7D08101016CD98E800D4FB8F /* MainStoryboard.storyboard in Resources */,
				7DA519BA16D6A7A2005B0AB1 /* appicon.png in Resources */,
				7DA519BB16D6A7A2005B0AB1 /* appicon@2x.png in Resources */,
				7DA519BC16D6A7A2005B0AB1 /* appstore.png in Resources */,
				7DA519BD16D6A7A2005B0AB1 /* appstore@2x.png in Resources */,
				7DA519BE16D6A7A2005B0AB1 /* launch.png in Resources */,
				7DA519BF16D6A7A2005B0AB1 /* launch@2x.png in Resources */,
				7DA519DB16D6A862005B0AB1 /* navbar.png in Resources */,
				7DA519DE16D6A862005B0AB1 /* 61-brightness.png in Resources */,
				7DA519DF16D6A862005B0AB1 /* 61-brightness@2x.png in Resources */,
				7DA519E016D6A862005B0AB1 /* 41-picture-frame.png in Resources */,
				7DA519E116D6A862005B0AB1 /* 41-picture-frame@2x.png in Resources */,
				7DA519E216D6A862005B0AB1 /* 53-house.png in Resources */,
				7DA519E316D6A862005B0AB1 /* 53-house@2x.png in Resources */,
				7DA519E416D6A862005B0AB1 /* 20-gear2.png in Resources */,
				7DA519E516D6A862005B0AB1 /* 20-gear2@2x.png in Resources */,
				7DA519E616D6A862005B0AB1 /* 161-calculator.png in Resources */,
				7DA519E716D6A862005B0AB1 /* 161-calculator@2x.png in Resources */,
				7DA519E816D6A862005B0AB1 /* 171-sun.png in Resources */,
				7DA519E916D6A862005B0AB1 /* 171-sun@2x.png in Resources */,
				7DA519EA16D6A862005B0AB1 /* 07-map-marker.png in Resources */,
				7DA519EB16D6A862005B0AB1 /* 07-map-marker@2x.png in Resources */,
				7DE774D716E6B5A7000B9607 /* appstoreLargeIcon.png in Resources */,
				7DE774D816E6B5A7000B9607 /* barbackgrounds.png in Resources */,
				7DE774D916E6B5A7000B9607 /* green_dust_scratch_@2X.png in Resources */,
				7DE774DA16E6B5A7000B9607 /* green_dust_scratch.png in Resources */,
				7DE774DB16E6B5A7000B9607 /* retinaIcon.png in Resources */,
				7DE774DE16E6B5A7000B9607 /* smallappstoreicon.png in Resources */,
				7DE774DF16E6B5A7000B9607 /* smallIcon.png in Resources */,
				7DE774E316E6B5D4000B9607 /* Default.png in Resources */,
				7DE774E516E6B5E3000B9607 /* Default-568h@2x.png in Resources */,
				7DE774E716E6B5F5000B9607 /* Default@2x.png in Resources */,
				7DE774FC16E6DCD4000B9607 /* redlogo.png in Resources */,
			);
			runOnlyForDeploymentPostprocessing = 0;
		};
/* End PBXResourcesBuildPhase section */

/* Begin PBXSourcesBuildPhase section */
		7D080FEF16CD98E700D4FB8F /* Sources */ = {
			isa = PBXSourcesBuildPhase;
			buildActionMask = 2147483647;
			files = (
				7D08100316CD98E800D4FB8F /* main.m in Sources */,
				7D08100716CD98E800D4FB8F /* AppDelegate.m in Sources */,
				7DA519EE16D6AAA5005B0AB1 /* CalculatorViewController.m in Sources */,
				7DA519F116D6AAB0005B0AB1 /* MirrorViewController.m in Sources */,
				7DA519F416D6AAB9005B0AB1 /* FlashLightViewController.m in Sources */,
				7DA519F716D6AAC5005B0AB1 /* WeatherViewController.m in Sources */,
				7DA519FA16D6AB1E005B0AB1 /* HomeViewController.m in Sources */,
				7DA51A0716D6AD0D005B0AB1 /* NavigationViewController.m in Sources */,
				7DE774CA16E6B565000B9607 /* YISplashScreen.m in Sources */,
				7DE774CB16E6B565000B9607 /* YISplashScreenAnimation.m in Sources */,
				7DE774FA16E6D8AA000B9607 /* LocationGetter.m in Sources */,
				7DFC47BE16E7D5C9000E40E2 /* ICB_WeatherConditions.m in Sources */,
				7DFC481E16E7E0E2000E40E2 /* RXMLElement.m in Sources */,
			);
			runOnlyForDeploymentPostprocessing = 0;
		};
/* End PBXSourcesBuildPhase section */

/* Begin PBXVariantGroup section */
		7D080FFF16CD98E700D4FB8F /* InfoPlist.strings */ = {
			isa = PBXVariantGroup;
			children = (
				7D08100016CD98E700D4FB8F /* en */,
			);
			name = InfoPlist.strings;
			sourceTree = "<group>";
		};
		7D08100E16CD98E800D4FB8F /* MainStoryboard.storyboard */ = {
			isa = PBXVariantGroup;
			children = (
				7D08100F16CD98E800D4FB8F /* en */,
			);
			name = MainStoryboard.storyboard;
			sourceTree = "<group>";
		};
/* End PBXVariantGroup section */

/* Begin XCBuildConfiguration section */
		7D08101416CD98E800D4FB8F /* Debug */ = {
			isa = XCBuildConfiguration;
			buildSettings = {
				ALWAYS_SEARCH_USER_PATHS = NO;
				CLANG_CXX_LANGUAGE_STANDARD = "gnu++0x";
				CLANG_CXX_LIBRARY = "libc++";
				CLANG_ENABLE_OBJC_ARC = YES;
				CLANG_WARN_CONSTANT_CONVERSION = YES;
				CLANG_WARN_EMPTY_BODY = YES;
				CLANG_WARN_ENUM_CONVERSION = YES;
				CLANG_WARN_INT_CONVERSION = YES;
				CLANG_WARN__DUPLICATE_METHOD_MATCH = YES;
				"CODE_SIGN_IDENTITY[sdk=iphoneos*]" = "iPhone Developer";
				COPY_PHASE_STRIP = NO;
				GCC_C_LANGUAGE_STANDARD = gnu99;
				GCC_DYNAMIC_NO_PIC = NO;
				GCC_OPTIMIZATION_LEVEL = 0;
				GCC_PREPROCESSOR_DEFINITIONS = (
					"DEBUG=1",
					"$(inherited)",
				);
				GCC_SYMBOLS_PRIVATE_EXTERN = NO;
				GCC_WARN_ABOUT_RETURN_TYPE = YES;
				GCC_WARN_UNINITIALIZED_AUTOS = YES;
				GCC_WARN_UNUSED_VARIABLE = YES;
				HEADER_SEARCH_PATHS = "$(SDK_DIR)\"/usr/include/libxml2";
				IPHONEOS_DEPLOYMENT_TARGET = 6.1;
				ONLY_ACTIVE_ARCH = YES;
				SDKROOT = iphoneos;
			};
			name = Debug;
		};
		7D08101516CD98E800D4FB8F /* Release */ = {
			isa = XCBuildConfiguration;
			buildSettings = {
				ALWAYS_SEARCH_USER_PATHS = NO;
				CLANG_CXX_LANGUAGE_STANDARD = "gnu++0x";
				CLANG_CXX_LIBRARY = "libc++";
				CLANG_ENABLE_OBJC_ARC = YES;
				CLANG_WARN_CONSTANT_CONVERSION = YES;
				CLANG_WARN_EMPTY_BODY = YES;
				CLANG_WARN_ENUM_CONVERSION = YES;
				CLANG_WARN_INT_CONVERSION = YES;
				CLANG_WARN__DUPLICATE_METHOD_MATCH = YES;
				"CODE_SIGN_IDENTITY[sdk=iphoneos*]" = "iPhone Developer";
				COPY_PHASE_STRIP = YES;
				GCC_C_LANGUAGE_STANDARD = gnu99;
				GCC_WARN_ABOUT_RETURN_TYPE = YES;
				GCC_WARN_UNINITIALIZED_AUTOS = YES;
				GCC_WARN_UNUSED_VARIABLE = YES;
				HEADER_SEARCH_PATHS = "$(SDK_DIR)\"/usr/include/libxml2";
				IPHONEOS_DEPLOYMENT_TARGET = 6.1;
				OTHER_CFLAGS = "-DNS_BLOCK_ASSERTIONS=1";
				SDKROOT = iphoneos;
				VALIDATE_PRODUCT = YES;
			};
			name = Release;
		};
		7D08101716CD98E800D4FB8F /* Debug */ = {
			isa = XCBuildConfiguration;
			buildSettings = {
				GCC_PRECOMPILE_PREFIX_HEADER = YES;
				GCC_PREFIX_HEADER = "Simplr/Simplr-Prefix.pch";
				INFOPLIST_FILE = "Simplr/Simplr-Info.plist";
				PRODUCT_NAME = "$(TARGET_NAME)";
				WRAPPER_EXTENSION = app;
			};
			name = Debug;
		};
		7D08101816CD98E800D4FB8F /* Release */ = {
			isa = XCBuildConfiguration;
			buildSettings = {
				GCC_PRECOMPILE_PREFIX_HEADER = YES;
				GCC_PREFIX_HEADER = "Simplr/Simplr-Prefix.pch";
				INFOPLIST_FILE = "Simplr/Simplr-Info.plist";
				PRODUCT_NAME = "$(TARGET_NAME)";
				WRAPPER_EXTENSION = app;
			};
			name = Release;
		};
/* End XCBuildConfiguration section */

/* Begin XCConfigurationList section */
		7D080FEE16CD98E700D4FB8F /* Build configuration list for PBXProject "Simplr" */ = {
			isa = XCConfigurationList;
			buildConfigurations = (
				7D08101416CD98E800D4FB8F /* Debug */,
				7D08101516CD98E800D4FB8F /* Release */,
			);
			defaultConfigurationIsVisible = 0;
			defaultConfigurationName = Release;
		};
		7D08101616CD98E800D4FB8F /* Build configuration list for PBXNativeTarget "Simplr" */ = {
			isa = XCConfigurationList;
			buildConfigurations = (
				7D08101716CD98E800D4FB8F /* Debug */,
				7D08101816CD98E800D4FB8F /* Release */,
			);
			defaultConfigurationIsVisible = 0;
			defaultConfigurationName = Release;
		};
/* End XCConfigurationList section */
	};
	rootObject = 7D080FEB16CD98E700D4FB8F /* Project object */;
}
